
Microsoft Visual Studio Solution File, Format Version 12.00
# Visual Studio Version 17
VisualStudioVersion = 17.5.33424.131
MinimumVisualStudioVersion = 10.0.40219.1
Project("{FAE04EC0-301F-11D3-BF4B-00C04F79EFBC}") = "Survey", "Survey\Survey.csproj", "{B7E06635-7CE2-4B03-A1A0-B70FC1C205ED}"
EndProject
Project("{FAE04EC0-301F-11D3-BF4B-00C04F79EFBC}") = "SurveyStock", "SurveyStock\SurveyStock.csproj", "{D605BA8C-AE76-4C81-8D68-A093731C821B}"
EndProject
Project("{9A19103F-16F7-4668-BE54-9A1E7A4F7556}") = "StockLibrary", "StockLibrary\StockLibrary.csproj", "{9E4B67E3-F402-401C-80DC-5248C4D58AAA}"
EndProject
Project("{9A19103F-16F7-4668-BE54-9A1E7A4F7556}") = "StockBridge", "BridgeStock\StockBridge.csproj", "{75EE64F5-0768-422C-9BB3-30039F60199A}"
EndProject
Project("{9A19103F-16F7-4668-BE54-9A1E7A4F7556}") = "StockBridgeAPI", "StockBridgeAPI\StockBridgeAPI.csproj", "{072E9D11-F627-42E0-9EF3-6EBAAE509E29}"
EndProject
Project("{FAE04EC0-301F-11D3-BF4B-00C04F79EFBC}") = "SLib", "SLib\SLib.csproj", "{C5170F2B-EE61-4887-AC2E-81C021253BBD}"
EndProject
Global
	GlobalSection(SolutionConfigurationPlatforms) = preSolution
		Debug|Any CPU = Debug|Any CPU
		Release|Any CPU = Release|Any CPU
	EndGlobalSection
	GlobalSection(ProjectConfigurationPlatforms) = postSolution
		{B7E06635-7CE2-4B03-A1A0-B70FC1C205ED}.Debug|Any CPU.ActiveCfg = Debug|Any CPU
		{B7E06635-7CE2-4B03-A1A0-B70FC1C205ED}.Debug|Any CPU.Build.0 = Debug|Any CPU
		{B7E06635-7CE2-4B03-A1A0-B70FC1C205ED}.Release|Any CPU.ActiveCfg = Release|Any CPU
		{B7E06635-7CE2-4B03-A1A0-B70FC1C205ED}.Release|Any CPU.Build.0 = Release|Any CPU
		{D605BA8C-AE76-4C81-8D68-A093731C821B}.Debug|Any CPU.ActiveCfg = Debug|Any CPU
		{D605BA8C-AE76-4C81-8D68-A093731C821B}.Debug|Any CPU.Build.0 = Debug|Any CPU
		{D605BA8C-AE76-4C81-8D68-A093731C821B}.Release|Any CPU.ActiveCfg = Release|Any CPU
		{D605BA8C-AE76-4C81-8D68-A093731C821B}.Release|Any CPU.Build.0 = Release|Any CPU
		{9E4B67E3-F402-401C-80DC-5248C4D58AAA}.Debug|Any CPU.ActiveCfg = Debug|Any CPU
		{9E4B67E3-F402-401C-80DC-5248C4D58AAA}.Debug|Any CPU.Build.0 = Debug|Any CPU
		{9E4B67E3-F402-401C-80DC-5248C4D58AAA}.Release|Any CPU.ActiveCfg = Release|Any CPU
		{9E4B67E3-F402-401C-80DC-5248C4D58AAA}.Release|Any CPU.Build.0 = Release|Any CPU
		{75EE64F5-0768-422C-9BB3-30039F60199A}.Debug|Any CPU.ActiveCfg = Debug|Any CPU
		{75EE64F5-0768-422C-9BB3-30039F60199A}.Debug|Any CPU.Build.0 = Debug|Any CPU
		{75EE64F5-0768-422C-9BB3-30039F60199A}.Release|Any CPU.ActiveCfg = Release|Any CPU
		{75EE64F5-0768-422C-9BB3-30039F60199A}.Release|Any CPU.Build.0 = Release|Any CPU
		{072E9D11-F627-42E0-9EF3-6EBAAE509E29}.Debug|Any CPU.ActiveCfg = Debug|Any CPU
		{072E9D11-F627-42E0-9EF3-6EBAAE509E29}.Debug|Any CPU.Build.0 = Debug|Any CPU
		{072E9D11-F627-42E0-9EF3-6EBAAE509E29}.Release|Any CPU.ActiveCfg = Release|Any CPU
		{072E9D11-F627-42E0-9EF3-6EBAAE509E29}.Release|Any CPU.Build.0 = Release|Any CPU
		{C5170F2B-EE61-4887-AC2E-81C021253BBD}.Debug|Any CPU.ActiveCfg = Debug|Any CPU
		{C5170F2B-EE61-4887-AC2E-81C021253BBD}.Debug|Any CPU.Build.0 = Debug|Any CPU
		{C5170F2B-EE61-4887-AC2E-81C021253BBD}.Release|Any CPU.ActiveCfg = Release|Any CPU
		{C5170F2B-EE61-4887-AC2E-81C021253BBD}.Release|Any CPU.Build.0 = Release|Any CPU
	EndGlobalSection
	GlobalSection(SolutionProperties) = preSolution
		HideSolutionNode = FALSE
	EndGlobalSection
	GlobalSection(ExtensibilityGlobals) = postSolution
		SolutionGuid = {22864708-E0AE-4AAD-BB02-57A6E03371DF}
	EndGlobalSection
EndGlobal
